
Microsoft Visual Studio Solution File, Format Version 12.00
# Visual Studio 15
Project("{FAE04EC0-301F-11D3-BF4B-00C04F79EFBC}") = "PlayFab", "PlayFab.csproj", "{D796CD56-C92A-DEAB-9E07-2A30E0E737A3}"
EndProject
Project("{FAE04EC0-301F-11D3-BF4B-00C04F79EFBC}") = "Assembly-CSharp", "Assembly-CSharp.csproj", "{2D684ECF-783E-AF77-7A10-B0DDAE811F2E}"
EndProject
Project("{FAE04EC0-301F-11D3-BF4B-00C04F79EFBC}") = "PlayFabEditorExtensions", "PlayFabEditorExtensions.csproj", "{BEC2D2EE-3A84-3464-EDA3-DF2EF5B80BE5}"
EndProject
Project("{FAE04EC0-301F-11D3-BF4B-00C04F79EFBC}") = "PlayFabSDKEditor", "PlayFabSDKEditor.csproj", "{FE41A750-9368-A126-4DED-78B2EDB257B3}"
EndProject
Global
	GlobalSection(SolutionConfigurationPlatforms) = preSolution
		Debug|Any CPU = Debug|Any CPU
		Release|Any CPU = Release|Any CPU
	EndGlobalSection
	GlobalSection(ProjectConfigurationPlatforms) = postSolution
		{D796CD56-C92A-DEAB-9E07-2A30E0E737A3}.Debug|Any CPU.ActiveCfg = Debug|Any CPU
		{D796CD56-C92A-DEAB-9E07-2A30E0E737A3}.Debug|Any CPU.Build.0 = Debug|Any CPU
		{D796CD56-C92A-DEAB-9E07-2A30E0E737A3}.Release|Any CPU.ActiveCfg = Release|Any CPU
		{D796CD56-C92A-DEAB-9E07-2A30E0E737A3}.Release|Any CPU.Build.0 = Release|Any CPU
		{2D684ECF-783E-AF77-7A10-B0DDAE811F2E}.Debug|Any CPU.ActiveCfg = Debug|Any CPU
		{2D684ECF-783E-AF77-7A10-B0DDAE811F2E}.Debug|Any CPU.Build.0 = Debug|Any CPU
		{2D684ECF-783E-AF77-7A10-B0DDAE811F2E}.Release|Any CPU.ActiveCfg = Release|Any CPU
		{2D684ECF-783E-AF77-7A10-B0DDAE811F2E}.Release|Any CPU.Build.0 = Release|Any CPU
		{BEC2D2EE-3A84-3464-EDA3-DF2EF5B80BE5}.Debug|Any CPU.ActiveCfg = Debug|Any CPU
		{BEC2D2EE-3A84-3464-EDA3-DF2EF5B80BE5}.Debug|Any CPU.Build.0 = Debug|Any CPU
		{BEC2D2EE-3A84-3464-EDA3-DF2EF5B80BE5}.Release|Any CPU.ActiveCfg = Release|Any CPU
		{BEC2D2EE-3A84-3464-EDA3-DF2EF5B80BE5}.Release|Any CPU.Build.0 = Release|Any CPU
		{FE41A750-9368-A126-4DED-78B2EDB257B3}.Debug|Any CPU.ActiveCfg = Debug|Any CPU
		{FE41A750-9368-A126-4DED-78B2EDB257B3}.Debug|Any CPU.Build.0 = Debug|Any CPU
		{FE41A750-9368-A126-4DED-78B2EDB257B3}.Release|Any CPU.ActiveCfg = Release|Any CPU
		{FE41A750-9368-A126-4DED-78B2EDB257B3}.Release|Any CPU.Build.0 = Release|Any CPU
	EndGlobalSection
	GlobalSection(SolutionProperties) = preSolution
		HideSolutionNode = FALSE
	EndGlobalSection
EndGlobal
